
Microsoft Visual Studio Solution File, Format Version 12.00
# Visual Studio Version 17
VisualStudioVersion = 17.14.36908.2 d17.14
MinimumVisualStudioVersion = 10.0.40219.1
Project("{FAE04EC0-301F-11D3-BF4B-00C04F79EFBC}") = "Expense-Tracker-mvc", "Expense-Tracker-mvc.csproj", "{0F20AB27-10E8-46CA-B642-177DEE0CAC92}"
EndProject
Global
	GlobalSection(SolutionConfigurationPlatforms) = preSolution
		Debug|Any CPU = Debug|Any CPU
		Release|Any CPU = Release|Any CPU
	EndGlobalSection
	GlobalSection(ProjectConfigurationPlatforms) = postSolution
		{0F20AB27-10E8-46CA-B642-177DEE0CAC92}.Debug|Any CPU.ActiveCfg = Debug|Any CPU
		{0F20AB27-10E8-46CA-B642-177DEE0CAC92}.Debug|Any CPU.Build.0 = Debug|Any CPU
		{0F20AB27-10E8-46CA-B642-177DEE0CAC92}.Release|Any CPU.ActiveCfg = Release|Any CPU
		{0F20AB27-10E8-46CA-B642-177DEE0CAC92}.Release|Any CPU.Build.0 = Release|Any CPU
	EndGlobalSection
	GlobalSection(SolutionProperties) = preSolution
		HideSolutionNode = FALSE
	EndGlobalSection
	GlobalSection(ExtensibilityGlobals) = postSolution
		SolutionGuid = {C0026B1E-9FD0-4C51-A166-9C9BA53CC370}
	EndGlobalSection
EndGlobal
